
Microsoft Visual Studio Solution File, Format Version 12.00
# Visual Studio 2013
Project("{FAE04EC0-301F-11D3-BF4B-00C04F79EFBC}") = "ITATools", "ITATools\ITATools.csproj", "{FE363654-DC08-4C70-AE16-D6F59D3C139B}"
EndProject
Global
	GlobalSection(SolutionConfigurationPlatforms) = preSolution
		Debug|Any CPU = Debug|Any CPU
		Release|Any CPU = Release|Any CPU
	EndGlobalSection
	GlobalSection(ProjectConfigurationPlatforms) = postSolution
		{FE363654-DC08-4C70-AE16-D6F59D3C139B}.Debug|Any CPU.ActiveCfg = Debug|Any CPU
		{FE363654-DC08-4C70-AE16-D6F59D3C139B}.Debug|Any CPU.Build.0 = Debug|Any CPU
		{FE363654-DC08-4C70-AE16-D6F59D3C139B}.Release|Any CPU.ActiveCfg = Release|Any CPU
		{FE363654-DC08-4C70-AE16-D6F59D3C139B}.Release|Any CPU.Build.0 = Release|Any CPU
	EndGlobalSection
EndGlobal
